# @generated by Move, please check-in and do not edit manually.

[move]
version = 2
manifest_digest = "3F9217AEB6C147294F4BC24F78C312B0EDCFC3F6F1D58EB381AB4EC2EE0C27A9"
deps_digest = "060AD7E57DFB13104F21BE5F5C3759D03F0553FC3229247D9A7A6B45F50D03A3"
dependencies = [
  { name = "Sui" },
  { name = "binks" },
  { name = "jarjar_scheduler" },
]

[[move.package]]
name = "MoveStdlib"
source = { git = "https://github.com/MystenLabs/sui.git", rev = "framework/testnet", subdir = "crates/sui-framework/packages/move-stdlib" }

[[move.package]]
name = "Sui"
source = { git = "https://github.com/MystenLabs/sui.git", rev = "framework/testnet", subdir = "crates/sui-framework/packages/sui-framework" }

dependencies = [
  { name = "MoveStdlib" },
]

[[move.package]]
name = "binks"
source = { git = "https://github.com/jarjar-xyz/binks", rev = "main", subdir = "" }

dependencies = [
  { name = "Sui" },
]

[[move.package]]
name = "jarjar_scheduler"
source = { git = "https://github.com/jarjar-xyz/jarjar_scheduler.git", rev = "dev", subdir = "" }

dependencies = [
  { name = "Sui" },
  { name = "binks" },
]

[move.toolchain-version]
compiler-version = "1.34.0"
edition = "2024.beta"
flavor = "sui"

[env]

[env.testnet]
chain-id = "4c78adac"
original-published-id = "0x5d6af2264a7599ebb4a9e092e1fd4c450eacb7c6ee4561cbcab8deee1b376683"
latest-published-id = "0x5d6af2264a7599ebb4a9e092e1fd4c450eacb7c6ee4561cbcab8deee1b376683"
published-version = "1"
