# @generated by Move, please check-in and do not edit manually.

[move]
version = 2
manifest_digest = "1DAB546A60BB5DB69508D1D03439B32435F178BBE5E8853A5817FC90CCD949D4"
deps_digest = "3C4103934B1E040BB6B23F1D610B4EF9F2F1166A50A104EADCF77467C004C600"
dependencies = [
  { name = "Sui" },
  { name = "binks" },
]

[[move.package]]
name = "MoveStdlib"
source = { git = "https://github.com/MystenLabs/sui.git", rev = "framework/testnet", subdir = "crates/sui-framework/packages/move-stdlib" }

[[move.package]]
name = "Sui"
source = { git = "https://github.com/MystenLabs/sui.git", rev = "framework/testnet", subdir = "crates/sui-framework/packages/sui-framework" }

dependencies = [
  { name = "MoveStdlib" },
]

[[move.package]]
name = "binks"
source = { local = "../../coins/binks" }

dependencies = [
  { name = "Sui" },
]

[move.toolchain-version]
compiler-version = "1.34.0"
edition = "2024.beta"
flavor = "sui"

[env]

[env.testnet]
chain-id = "4c78adac"
original-published-id = "0xbc6dea62e1c4f7f4b50c5e2226501af65a25b486f7f8063cad0c462466fb4d81"
latest-published-id = "0xbc6dea62e1c4f7f4b50c5e2226501af65a25b486f7f8063cad0c462466fb4d81"
published-version = "1"
